
Microsoft Visual Studio Solution File, Format Version 12.00
# Visual Studio 2013
VisualStudioVersion = 12.0.40629.0
MinimumVisualStudioVersion = 10.0.40219.1
Project("{FAE04EC0-301F-11D3-BF4B-00C04F79EFBC}") = "MvcWebApi", "MvcWebApi\MvcWebApi.csproj", "{A0871669-0182-414C-BE15-54A5FBB6FEBC}"
EndProject
Project("{FAE04EC0-301F-11D3-BF4B-00C04F79EFBC}") = "CustmParameterBindingUnitTest", "CustmParameterBindingUnitTest\CustmParameterBindingUnitTest.csproj", "{322ACD25-C334-44CE-BCE9-47A77F2953B0}"
EndProject
Global
	GlobalSection(SolutionConfigurationPlatforms) = preSolution
		Debug|Any CPU = Debug|Any CPU
		Release|Any CPU = Release|Any CPU
	EndGlobalSection
	GlobalSection(ProjectConfigurationPlatforms) = postSolution
		{A0871669-0182-414C-BE15-54A5FBB6FEBC}.Debug|Any CPU.ActiveCfg = Debug|Any CPU
		{A0871669-0182-414C-BE15-54A5FBB6FEBC}.Debug|Any CPU.Build.0 = Debug|Any CPU
		{A0871669-0182-414C-BE15-54A5FBB6FEBC}.Release|Any CPU.ActiveCfg = Release|Any CPU
		{A0871669-0182-414C-BE15-54A5FBB6FEBC}.Release|Any CPU.Build.0 = Release|Any CPU
		{322ACD25-C334-44CE-BCE9-47A77F2953B0}.Debug|Any CPU.ActiveCfg = Debug|Any CPU
		{322ACD25-C334-44CE-BCE9-47A77F2953B0}.Debug|Any CPU.Build.0 = Debug|Any CPU
		{322ACD25-C334-44CE-BCE9-47A77F2953B0}.Release|Any CPU.ActiveCfg = Release|Any CPU
		{322ACD25-C334-44CE-BCE9-47A77F2953B0}.Release|Any CPU.Build.0 = Release|Any CPU
	EndGlobalSection
	GlobalSection(SolutionProperties) = preSolution
		HideSolutionNode = FALSE
	EndGlobalSection
EndGlobal
